{
  "lockfileVersion": 1,
  "configVersion": 1,
  "workspaces": {
    "": {
      "name": "kanon",
      "devDependencies": {
        "@biomejs/biome": "^2.3.0",
        "@types/bun": "^1.3.0",
        "turbo": "^2.5.0",
        "typescript": "^5.9.0",
      },
    },
    "packages/cli": {
      "name": "@kanon/cli",
      "version": "0.1.0",
      "bin": {
        "kanon": "./src/index.ts",
      },
      "dependencies": {
        "@kanon/core": "workspace:*",
      },
    },
    "packages/core": {
      "name": "@kanon/core",
      "version": "0.1.0",
      "devDependencies": {
        "fast-check": "^4.5.0",
      },
    },
    "packages/store": {
      "name": "@kanon/store",
      "version": "0.1.0",
      "dependencies": {
        "@kanon/core": "workspace:*",
      },
    },
    "tools/linear-import": {
      "name": "@kanon/linear-import",
      "version": "0.1.0",
      "dependencies": {
        "@kanon/core": "workspace:*",
        "@linear/sdk": "^88.0.0",
      },
    },
  },
  "packages": {
    "@biomejs/biome": ["@biomejs/biome@2.5.2", "", { "optionalDependencies": { "@biomejs/cli-darwin-arm64": "2.5.2", "@biomejs/cli-darwin-x64": "2.5.2", "@biomejs/cli-linux-arm64": "2.5.2", "@biomejs/cli-linux-arm64-musl": "2.5.2", "@biomejs/cli-linux-x64": "2.5.2", "@biomejs/cli-linux-x64-musl": "2.5.2", "@biomejs/cli-win32-arm64": "2.5.2", "@biomejs/cli-win32-x64": "2.5.2" }, "bin": { "biome": "bin/biome" } }, "sha512-VQ3RCqr7JmDIX+w6stWYl+g/3bYofN3q2wDBHUKKc/c7i5QWrFKFBZYCYPWTE6agsUPMIZZe6/CMmVUfUAhkKA=="],

    "@biomejs/cli-darwin-arm64": ["@biomejs/cli-darwin-arm64@2.5.2", "", { "os": "darwin", "cpu": "arm64" }, "sha512-e7P3P7EkwFc/KiX2AHw4YDLIBOMfG9CPCAwy52k5Bp0dfhkozx9hf6wCmIr2QeXy2XeccJ3V/Sg+hDmzYEqxSg=="],

    "@biomejs/cli-darwin-x64": ["@biomejs/cli-darwin-x64@2.5.2", "", { "os": "darwin", "cpu": "x64" }, "sha512-ymzMvjC1Jg0b9K0D26ZdARqFQXs7MocfLC5FOCGfkC0Ss+ACUJkX5364ZM5nT4NLZanHRZNVrZEy+Ibwcvux/g=="],

    "@biomejs/cli-linux-arm64": ["@biomejs/cli-linux-arm64@2.5.2", "", { "os": "linux", "cpu": "arm64" }, "sha512-t7sseOmqND57uUWTwlawU6BYj+J06T/9EkydzBhkrgw/FK3QVhjU2wsJR0frljrKZ0/I8A/rYw7284QgqjQfIQ=="],

    "@biomejs/cli-linux-arm64-musl": ["@biomejs/cli-linux-arm64-musl@2.5.2", "", { "os": "linux", "cpu": "arm64" }, "sha512-w+ANG0ZvTu9IeEg9QnstoOnk6L0fpwJifW6aHR18+cb5Z39bkANItYjAfMrnvce5tmMK+IQ6nPX7/kQFdam5iw=="],

    "@biomejs/cli-linux-x64": ["@biomejs/cli-linux-x64@2.5.2", "", { "os": "linux", "cpu": "x64" }, "sha512-M/lOZrewzTCRDINbjhQ1gYYru37KlD3kJBQwwKCG0ckz5E9IZwIoJ3X0wBwRXA+yBDIwWUuPBHS67HzJY4dTfA=="],

    "@biomejs/cli-linux-x64-musl": ["@biomejs/cli-linux-x64-musl@2.5.2", "", { "os": "linux", "cpu": "x64" }, "sha512-VArNLAzND063tF+XY0yPyM+DyahpzOMzOAvb7qs259nhjJWRjvjZdssuA+Rfl+l07+NOesKZ0Xu2yFrXyBMtzw=="],

    "@biomejs/cli-win32-arm64": ["@biomejs/cli-win32-arm64@2.5.2", "", { "os": "win32", "cpu": "arm64" }, "sha512-kbjFFKyZlzYnAuw7sRy5qDoFG6zrP40UK08oPQsWK0ct3NMnGSt+Bs1iviEEyEIP57N5MrykGXdO/wRiaR4lww=="],

    "@biomejs/cli-win32-x64": ["@biomejs/cli-win32-x64@2.5.2", "", { "os": "win32", "cpu": "x64" }, "sha512-4InchVpdVmdkkkgjQqKpgvyu+VPnoF/7RPSw5YATgEVpt2j72wcCAeV5TwaE9ZGJUZWZn7v2CwSAj6CrMJEx8A=="],

    "@graphql-typed-document-node/core": ["@graphql-typed-document-node/core@3.2.0", "", { "peerDependencies": { "graphql": "^0.8.0 || ^0.9.0 || ^0.10.0 || ^0.11.0 || ^0.12.0 || ^0.13.0 || ^14.0.0 || ^15.0.0 || ^16.0.0 || ^17.0.0" } }, "sha512-mB9oAsNCm9aM3/SOv4YtBMqZbYj10R7dkq8byBqxGY/ncFwhf2oQzMV+LCRlWoDSEBJ3COiR1yeDvMtsoOsuFQ=="],

    "@kanon/cli": ["@kanon/cli@workspace:packages/cli"],

    "@kanon/core": ["@kanon/core@workspace:packages/core"],

    "@kanon/linear-import": ["@kanon/linear-import@workspace:tools/linear-import"],

    "@kanon/store": ["@kanon/store@workspace:packages/store"],

    "@linear/sdk": ["@linear/sdk@88.0.0", "", { "dependencies": { "@graphql-typed-document-node/core": "^3.2.0" } }, "sha512-5m3bqEU7MmQwE+BUB8Z0UENnIiyqM0g4Tv0M7wm35qFAj3zCdvbX95102YcfkvwlRiH0etbKRD05JKQvzOgPpg=="],

    "@turbo/darwin-64": ["@turbo/darwin-64@2.10.2", "", { "os": "darwin", "cpu": "x64" }, "sha512-wBM3ObqOWnKUDmg7QfUFDkDHPFUAJmrYlYqmEM8jMPAPA/I6wRJIbWimeQUqhOiQ8xPKhzyWM+xaiUP0wz8FEQ=="],

    "@turbo/darwin-arm64": ["@turbo/darwin-arm64@2.10.2", "", { "os": "darwin", "cpu": "arm64" }, "sha512-/Cq0joWnuMjDPfhjbFP4sv+C/7gkQ415zlaO4XUzD5EZxbtrKgXKvuuydMvogG8GeUnN1aDltW71RlmEfpjbyw=="],

    "@turbo/linux-64": ["@turbo/linux-64@2.10.2", "", { "os": "linux", "cpu": "x64" }, "sha512-mMsf5IIhiKuceEXNstd25IbadjBXZ0amxzFOqliEzJX6HyeeHdBQPVSY583PWqYDyqM/FB8d5ZjkthfBSeuH3Q=="],

    "@turbo/linux-arm64": ["@turbo/linux-arm64@2.10.2", "", { "os": "linux", "cpu": "arm64" }, "sha512-Wcng1i2kaKmXutmwxT9MUoYZvdaIekXAdlGr4+0TpgbhGLw7nDuEcRBFrxb5BbRoX1d1q8SpdRxLc45TvDZIdQ=="],

    "@turbo/windows-64": ["@turbo/windows-64@2.10.2", "", { "os": "win32", "cpu": "x64" }, "sha512-SsNhM7Ho7EpAdwtrJKBOic9Hso23vu6Dp0gAfLOvUFjPzurr/sGQlXZEvr6z89ne4RDOypTwz5CBDrixpMKtXw=="],

    "@turbo/windows-arm64": ["@turbo/windows-arm64@2.10.2", "", { "os": "win32", "cpu": "arm64" }, "sha512-Gf+S7ICAdimT/n02bOuVWKvhHnct/HYjZg3oBNIz5hZ9ZyWHbQim9J3P5Qip8WpX0ksxF7eaBVziJCuLnjhqDg=="],

    "@types/bun": ["@types/bun@1.3.14", "", { "dependencies": { "bun-types": "1.3.14" } }, "sha512-h1hFqFVcvAvD9j9K7ZW7vd82aSA+rTdznZa+5bwvCwqSB1jmmfLcbIWhOLx1/+boy/xmjgCs/OMUL8hRJSmnPw=="],

    "@types/node": ["@types/node@26.1.0", "", { "dependencies": { "undici-types": "~8.3.0" } }, "sha512-O0A1G3xPGy4w7AgQdAQYUlQ+BKk2Oovw8eRpofyp5KdBZULnbe+WqaOVNrm705SHphCiG4XHsACrSmPu1f+Kgw=="],

    "bun-types": ["bun-types@1.3.14", "", { "dependencies": { "@types/node": "*" } }, "sha512-4N0ig0fEomHt5R0KCFWjovxow98rIoRwKolrYdCcknNwMekCXRnWEUvgu5soYV8QXtVsrUD8B95MBOZGPvr6KQ=="],

    "fast-check": ["fast-check@4.8.0", "", { "dependencies": { "pure-rand": "^8.0.0" } }, "sha512-GOJ158CUMnN6cSahsv4+ExARvIDuzzinFjkp0E9WtiBa5zcVeLozVkWaE4IzFcc+Y48Wp1EDlUZsXRyAztQcSg=="],

    "graphql": ["graphql@17.0.1", "", {}, "sha512-8eWbg5Zcv/8o20nzEjHUGPTj20MLFJjc5kagbIPxbaeGxvFwpitJhemEC/k17n5+UD4M/9ea5rTuce78mELujQ=="],

    "pure-rand": ["pure-rand@8.4.1", "", {}, "sha512-c58R2+SPFcSIPXoU834QN/KPDDOSd8sXcSrqf6e83Me6Rrp1EYkxukkjXMVrKvKaADs1SOyNkWdfvLf6zY8qLQ=="],

    "turbo": ["turbo@2.10.2", "", { "optionalDependencies": { "@turbo/darwin-64": "2.10.2", "@turbo/darwin-arm64": "2.10.2", "@turbo/linux-64": "2.10.2", "@turbo/linux-arm64": "2.10.2", "@turbo/windows-64": "2.10.2", "@turbo/windows-arm64": "2.10.2" }, "bin": { "turbo": "bin/turbo" } }, "sha512-wTExrNrRjB8qzIcg+ZLm0A3GFNLDsWNwdS/RBXB0FPrBDyzk3i96Yx+TxWZC7a0k1SIreFB8ciUbxjmEqTH8IQ=="],

    "typescript": ["typescript@5.9.3", "", { "bin": { "tsc": "bin/tsc", "tsserver": "bin/tsserver" } }, "sha512-jl1vZzPDinLr9eUt3J/t7V6FgNEw9QjvBPdysz9KfQDD41fQrC2Y4vKQdiaUpFT4bXlb1RHhLpp8wtm6M5TgSw=="],

    "undici-types": ["undici-types@8.3.0", "", {}, "sha512-j375ScV60dom+YkPFIfTLcOiPxkN/buHz5GobjLhixFuANaNs3C9l4GmrWqejgXWJ7BbJcFYpTEUkS1Ge8bpZQ=="],
  }
}
